
Microsoft Visual Studio Solution File, Format Version 12.00
# Visual Studio Version 17
VisualStudioVersion = 17.3.32825.248
MinimumVisualStudioVersion = 10.0.40219.1
Project("{FAE04EC0-301F-11D3-BF4B-00C04F79EFBC}") = "pryArmaniniLaMilangaSP4", "pryArmaniniLaMilangaSP4.csproj", "{AF9C8C9E-45B4-4536-827B-11D733B55F62}"
EndProject
Global
	GlobalSection(SolutionConfigurationPlatforms) = preSolution
		Debug|Any CPU = Debug|Any CPU
		Release|Any CPU = Release|Any CPU
	EndGlobalSection
	GlobalSection(ProjectConfigurationPlatforms) = postSolution
		{AF9C8C9E-45B4-4536-827B-11D733B55F62}.Debug|Any CPU.ActiveCfg = Debug|Any CPU
		{AF9C8C9E-45B4-4536-827B-11D733B55F62}.Debug|Any CPU.Build.0 = Debug|Any CPU
		{AF9C8C9E-45B4-4536-827B-11D733B55F62}.Release|Any CPU.ActiveCfg = Release|Any CPU
		{AF9C8C9E-45B4-4536-827B-11D733B55F62}.Release|Any CPU.Build.0 = Release|Any CPU
	EndGlobalSection
	GlobalSection(SolutionProperties) = preSolution
		HideSolutionNode = FALSE
	EndGlobalSection
	GlobalSection(ExtensibilityGlobals) = postSolution
		SolutionGuid = {53C8C8C9-762B-4BF1-B689-4B7346C1A202}
	EndGlobalSection
EndGlobal
